
Microsoft Visual Studio Solution File, Format Version 12.00
# Visual Studio 15
VisualStudioVersion = 15.0.26730.15
MinimumVisualStudioVersion = 10.0.40219.1
Project("{FAE04EC0-301F-11D3-BF4B-00C04F79EFBC}") = "CryllicConverter", "CryllicConverter\CryllicConverter.csproj", "{3BB51BE5-40F8-4D07-9C8E-49F37A5BA895}"
EndProject
Global
	GlobalSection(SolutionConfigurationPlatforms) = preSolution
		Debug|Any CPU = Debug|Any CPU
		Release|Any CPU = Release|Any CPU
	EndGlobalSection
	GlobalSection(ProjectConfigurationPlatforms) = postSolution
		{3BB51BE5-40F8-4D07-9C8E-49F37A5BA895}.Debug|Any CPU.ActiveCfg = Debug|Any CPU
		{3BB51BE5-40F8-4D07-9C8E-49F37A5BA895}.Debug|Any CPU.Build.0 = Debug|Any CPU
		{3BB51BE5-40F8-4D07-9C8E-49F37A5BA895}.Release|Any CPU.ActiveCfg = Release|Any CPU
		{3BB51BE5-40F8-4D07-9C8E-49F37A5BA895}.Release|Any CPU.Build.0 = Release|Any CPU
	EndGlobalSection
	GlobalSection(SolutionProperties) = preSolution
		HideSolutionNode = FALSE
	EndGlobalSection
	GlobalSection(ExtensibilityGlobals) = postSolution
		SolutionGuid = {8981B7DF-BC07-4562-A1D6-13F411FE31ED}
	EndGlobalSection
EndGlobal
